
Microsoft Visual Studio Solution File, Format Version 12.00
# Visual Studio Version 17
VisualStudioVersion = 17.9.34728.123
MinimumVisualStudioVersion = 10.0.40219.1
Project("{9A19103F-16F7-4668-BE54-9A1E7A4F7556}") = "Tourest", "Tourest\Tourest.csproj", "{5C946428-774A-46FC-8A00-91897151F3DB}"
EndProject
Project("{FAE04EC0-301F-11D3-BF4B-00C04F79EFBC}") = "TourestTests", "TourestTests\TourestTests.csproj", "{8D64C877-694F-4817-A747-31D1B331FAFA}"
EndProject
Global
	GlobalSection(SolutionConfigurationPlatforms) = preSolution
		Debug|Any CPU = Debug|Any CPU
		Release|Any CPU = Release|Any CPU
	EndGlobalSection
	GlobalSection(ProjectConfigurationPlatforms) = postSolution
		{5C946428-774A-46FC-8A00-91897151F3DB}.Debug|Any CPU.ActiveCfg = Debug|Any CPU
		{5C946428-774A-46FC-8A00-91897151F3DB}.Debug|Any CPU.Build.0 = Debug|Any CPU
		{5C946428-774A-46FC-8A00-91897151F3DB}.Release|Any CPU.ActiveCfg = Release|Any CPU
		{5C946428-774A-46FC-8A00-91897151F3DB}.Release|Any CPU.Build.0 = Release|Any CPU
		{8D64C877-694F-4817-A747-31D1B331FAFA}.Debug|Any CPU.ActiveCfg = Debug|Any CPU
		{8D64C877-694F-4817-A747-31D1B331FAFA}.Debug|Any CPU.Build.0 = Debug|Any CPU
		{8D64C877-694F-4817-A747-31D1B331FAFA}.Release|Any CPU.ActiveCfg = Release|Any CPU
		{8D64C877-694F-4817-A747-31D1B331FAFA}.Release|Any CPU.Build.0 = Release|Any CPU
	EndGlobalSection
	GlobalSection(SolutionProperties) = preSolution
		HideSolutionNode = FALSE
	EndGlobalSection
	GlobalSection(ExtensibilityGlobals) = postSolution
		SolutionGuid = {B250AA65-1938-4643-9144-EC9FBA79CB04}
	EndGlobalSection
EndGlobal
